
Microsoft Visual Studio Solution File, Format Version 12.00
# Visual Studio Version 17
VisualStudioVersion = 17.0.32014.148
MinimumVisualStudioVersion = 10.0.40219.1
Project("{2150E333-8FDC-42A3-9474-1A3956D46DE8}") = "libraries", "libraries", "{1D6E7A76-CA5E-486C-9C2F-A9644FDA47AD}"
EndProject
Project("{2150E333-8FDC-42A3-9474-1A3956D46DE8}") = "Guppy", "Guppy", "{DA5CAD48-BEB9-4316-814A-820EA2A21081}"
EndProject
Project("{2150E333-8FDC-42A3-9474-1A3956D46DE8}") = "src", "src", "{D2A649EA-BF5F-4B70-87EB-DFA556F59B99}"
EndProject
Project("{2150E333-8FDC-42A3-9474-1A3956D46DE8}") = "Aether.Physics2D", "Aether.Physics2D", "{846EEE2A-9193-41FF-A661-67380DBEBE60}"
EndProject
Project("{9A19103F-16F7-4668-BE54-9A1E7A4F7556}") = "Aether.Physics2D.NETSTANDARD2_0.MG", "libraries\Aether.Physics2D\Physics2D\Aether.Physics2D.NETSTANDARD2_0.MG.csproj", "{058BF07F-34FA-48C4-8E4D-D5DB6F3F9B8B}"
EndProject
Project("{9A19103F-16F7-4668-BE54-9A1E7A4F7556}") = "Aether.Physics2D.Diagnostics.NETSTANDARD2_0.MG", "libraries\Aether.Physics2D\Physics2D.Diagnostics\Diagnostics\Aether.Physics2D.Diagnostics.NETSTANDARD2_0.MG.csproj", "{64BF497A-733C-404B-9D31-94B9ACC238C1}"
EndProject
Project("{2150E333-8FDC-42A3-9474-1A3956D46DE8}") = "Solution Items", "Solution Items", "{74BBE11E-3824-4554-A742-79CBA1636D29}"
	ProjectSection(SolutionItems) = preProject
		.gitignore = .gitignore
		README.md = README.md
	EndProjectSection
EndProject
Project("{2150E333-8FDC-42A3-9474-1A3956D46DE8}") = "libraries", "libraries", "{3A698F3F-DCBE-489C-A0EA-547213E89575}"
EndProject
Project("{2150E333-8FDC-42A3-9474-1A3956D46DE8}") = "LiteNetLib", "LiteNetLib", "{78BC23E2-792E-482C-805A-157B1D949E21}"
EndProject
Project("{9A19103F-16F7-4668-BE54-9A1E7A4F7556}") = "LiteNetLib", "libraries\Guppy\libraries\LiteNetLib\LiteNetLib\LiteNetLib.csproj", "{6DAF6112-1C79-4675-AF98-451FBD7FCCBA}"
EndProject
Project("{9A19103F-16F7-4668-BE54-9A1E7A4F7556}") = "Guppy", "libraries\Guppy\src\Guppy\Guppy.csproj", "{F6052705-440D-4105-B51A-6E8A93BDD36C}"
EndProject
Project("{9A19103F-16F7-4668-BE54-9A1E7A4F7556}") = "Guppy.Network", "libraries\Guppy\src\Guppy.Network\Guppy.Network.csproj", "{191CDCD2-A62B-4817-8F04-63972A82A8D3}"
EndProject
Project("{9A19103F-16F7-4668-BE54-9A1E7A4F7556}") = "Guppy.Resources", "libraries\Guppy\src\Guppy.Resources\Guppy.Resources.csproj", "{42EE90CA-D494-40EE-A271-9D004D9F5EFE}"
EndProject
Project("{9A19103F-16F7-4668-BE54-9A1E7A4F7556}") = "Guppy.MonoGame", "libraries\Guppy\src\Guppy.MonoGame\Guppy.MonoGame.csproj", "{5AD69B9A-EDD1-4B01-BC7C-FB87970EC700}"
EndProject
Project("{9A19103F-16F7-4668-BE54-9A1E7A4F7556}") = "Guppy.Common", "libraries\Guppy\src\Guppy.Common\Guppy.Common.csproj", "{44DD9F1D-F4AD-4048-8B7E-58352DC47DC1}"
EndProject
Project("{9A19103F-16F7-4668-BE54-9A1E7A4F7556}") = "Guppy.Network.UI", "libraries\Guppy\src\Guppy.Network.UI\Guppy.Network.UI.csproj", "{A8E22C34-5266-4FC9-97FD-18BFEBB2D26A}"
EndProject
Project("{9A19103F-16F7-4668-BE54-9A1E7A4F7556}") = "Guppy.ECS", "libraries\Guppy\src\Guppy.ECS\Guppy.ECS.csproj", "{26E99184-7B19-4C2E-8791-C8292BD59B64}"
EndProject
Project("{2150E333-8FDC-42A3-9474-1A3956D46DE8}") = "ImGUI.NET", "ImGUI.NET", "{AA6D4DDD-0C5B-4F34-A6F7-7735858C326F}"
EndProject
Project("{9A19103F-16F7-4668-BE54-9A1E7A4F7556}") = "ImGui.NET", "libraries\Guppy\libraries\ImGui.NET\src\ImGui.NET\ImGui.NET.csproj", "{1FB5D5F3-1729-4CEE-974F-AA3CD2711089}"
EndProject
Project("{2150E333-8FDC-42A3-9474-1A3956D46DE8}") = "MonoGame.Extended", "MonoGame.Extended", "{17E8A268-2B56-42BB-BEE6-D516967F66F6}"
EndProject
Project("{9A19103F-16F7-4668-BE54-9A1E7A4F7556}") = "MonoGame.Extended.Entities", "libraries\Guppy\libraries\MonoGame.Extended\src\cs\MonoGame.Extended.Entities\MonoGame.Extended.Entities.csproj", "{D31F0023-CC26-43AC-AA1C-0E843A4DD902}"
EndProject
Project("{9A19103F-16F7-4668-BE54-9A1E7A4F7556}") = "MonoGame.Extended", "libraries\Guppy\libraries\MonoGame.Extended\src\cs\MonoGame.Extended\MonoGame.Extended.csproj", "{22001B88-06B8-4150-A833-E0CAC3C12803}"
EndProject
Project("{9A19103F-16F7-4668-BE54-9A1E7A4F7556}") = "ImPlot.NET", "libraries\Guppy\libraries\ImGui.NET\src\ImPlot.NET\ImPlot.NET.csproj", "{C3BE2750-E404-4ED7-A89A-92EAEC71CDC5}"
EndProject
Project("{9A19103F-16F7-4668-BE54-9A1E7A4F7556}") = "Guppy.MonoGame.UI", "libraries\Guppy\src\Guppy.MonoGame.UI\Guppy.MonoGame.UI.csproj", "{BDF1CE97-F40D-465C-B3D4-62705FD854A8}"
EndProject
Project("{2150E333-8FDC-42A3-9474-1A3956D46DE8}") = "scripts", "scripts", "{F38772AD-EAEE-4F89-B8CF-239B92DC5714}"
	ProjectSection(SolutionItems) = preProject
		scripts\refresh-modules.ps1 = scripts\refresh-modules.ps1
		scripts\remote-debug.ps1 = scripts\remote-debug.ps1
		scripts\reset.bat = scripts\reset.bat
	EndProjectSection
EndProject
Project("{2150E333-8FDC-42A3-9474-1A3956D46DE8}") = "modules", "modules", "{033AEBDD-D6AE-40DD-BB38-8667A78674D8}"
	ProjectSection(SolutionItems) = preProject
		scripts\modules\publish-module.ps1 = scripts\modules\publish-module.ps1
		scripts\modules\source-module.ps1 = scripts\modules\source-module.ps1
	EndProjectSection
EndProject
Project("{2150E333-8FDC-42A3-9474-1A3956D46DE8}") = "application", "application", "{1B3C097D-6872-488E-8A33-8306377947B6}"
EndProject
Project("{9A19103F-16F7-4668-BE54-9A1E7A4F7556}") = "VoidHuntersRevived.Application.Client", "src\VoidHuntersRevived.Application.Client\VoidHuntersRevived.Application.Client.csproj", "{B4C6953B-B13D-4F6E-8AEE-8F0E05177EA6}"
EndProject
Project("{9A19103F-16F7-4668-BE54-9A1E7A4F7556}") = "VoidHuntersRevived.Application.Server", "src\VoidHuntersRevived.Application.Server\VoidHuntersRevived.Application.Server.csproj", "{E66BB2BA-EBCF-4BEC-8189-2DC9E5F5BBB8}"
EndProject
Project("{2150E333-8FDC-42A3-9474-1A3956D46DE8}") = "library", "library", "{57C3C618-0291-4122-91CA-3D5F6AEAF8FD}"
EndProject
Project("{9A19103F-16F7-4668-BE54-9A1E7A4F7556}") = "VoidHuntersRevived.Library.Client", "src\VoidHuntersRevived.Library.Client\VoidHuntersRevived.Library.Client.csproj", "{D75B3F9B-E14B-4E88-81CC-8D01CABD2759}"
EndProject
Project("{9A19103F-16F7-4668-BE54-9A1E7A4F7556}") = "VoidHuntersRevived.Library.Server", "src\VoidHuntersRevived.Library.Server\VoidHuntersRevived.Library.Server.csproj", "{2EE38ADB-9B9A-41EB-8117-2D20BDBAD183}"
EndProject
Project("{9A19103F-16F7-4668-BE54-9A1E7A4F7556}") = "VoidHuntersRevived.Library", "src\VoidHuntersRevived.Library\VoidHuntersRevived.Library.csproj", "{3434C46B-C82F-4FB9-98FE-E15A04AE744D}"
EndProject
Project("{2150E333-8FDC-42A3-9474-1A3956D46DE8}") = "common", "common", "{E45E3FCD-2AA8-46E5-9956-44A76EEB3BDA}"
EndProject
Project("{9A19103F-16F7-4668-BE54-9A1E7A4F7556}") = "VoidHuntersRevived.Common", "src\VoidHuntersRevived.Common\VoidHuntersRevived.Common.csproj", "{696E7F3C-358F-4423-A8ED-BF6CFBCDCA9E}"
EndProject
Project("{9A19103F-16F7-4668-BE54-9A1E7A4F7556}") = "VoidHuntersRevived.Common.Entities", "src\VoidHuntersRevived.Common.Entities\VoidHuntersRevived.Common.Entities.csproj", "{BC43BAE4-4B73-46E9-B18E-CC63C84DA8BC}"
EndProject
Project("{FAE04EC0-301F-11D3-BF4B-00C04F79EFBC}") = "VoidHuntersRevivied.Common.Simulations", "src\VoidHuntersRevivied.Common.Simulations\VoidHuntersRevivied.Common.Simulations.csproj", "{CFA9A87F-21E8-444F-8A7C-17CCDD35D55A}"
EndProject
Global
	GlobalSection(SolutionConfigurationPlatforms) = preSolution
		Debug|Any CPU = Debug|Any CPU
		Debug|x64 = Debug|x64
		Debug|x86 = Debug|x86
		Release|Any CPU = Release|Any CPU
		Release|x64 = Release|x64
		Release|x86 = Release|x86
	EndGlobalSection
	GlobalSection(ProjectConfigurationPlatforms) = postSolution
		{058BF07F-34FA-48C4-8E4D-D5DB6F3F9B8B}.Debug|Any CPU.ActiveCfg = Debug|Any CPU
		{058BF07F-34FA-48C4-8E4D-D5DB6F3F9B8B}.Debug|Any CPU.Build.0 = Debug|Any CPU
		{058BF07F-34FA-48C4-8E4D-D5DB6F3F9B8B}.Debug|x64.ActiveCfg = Debug|x64
		{058BF07F-34FA-48C4-8E4D-D5DB6F3F9B8B}.Debug|x64.Build.0 = Debug|x64
		{058BF07F-34FA-48C4-8E4D-D5DB6F3F9B8B}.Debug|x86.ActiveCfg = Debug|Any CPU
		{058BF07F-34FA-48C4-8E4D-D5DB6F3F9B8B}.Debug|x86.Build.0 = Debug|Any CPU
		{058BF07F-34FA-48C4-8E4D-D5DB6F3F9B8B}.Release|Any CPU.ActiveCfg = Release|Any CPU
		{058BF07F-34FA-48C4-8E4D-D5DB6F3F9B8B}.Release|Any CPU.Build.0 = Release|Any CPU
		{058BF07F-34FA-48C4-8E4D-D5DB6F3F9B8B}.Release|x64.ActiveCfg = Release|x64
		{058BF07F-34FA-48C4-8E4D-D5DB6F3F9B8B}.Release|x64.Build.0 = Release|x64
		{058BF07F-34FA-48C4-8E4D-D5DB6F3F9B8B}.Release|x86.ActiveCfg = Release|Any CPU
		{058BF07F-34FA-48C4-8E4D-D5DB6F3F9B8B}.Release|x86.Build.0 = Release|Any CPU
		{64BF497A-733C-404B-9D31-94B9ACC238C1}.Debug|Any CPU.ActiveCfg = Debug|Any CPU
		{64BF497A-733C-404B-9D31-94B9ACC238C1}.Debug|Any CPU.Build.0 = Debug|Any CPU
		{64BF497A-733C-404B-9D31-94B9ACC238C1}.Debug|x64.ActiveCfg = Debug|x64
		{64BF497A-733C-404B-9D31-94B9ACC238C1}.Debug|x64.Build.0 = Debug|x64
		{64BF497A-733C-404B-9D31-94B9ACC238C1}.Debug|x86.ActiveCfg = Debug|Any CPU
		{64BF497A-733C-404B-9D31-94B9ACC238C1}.Debug|x86.Build.0 = Debug|Any CPU
		{64BF497A-733C-404B-9D31-94B9ACC238C1}.Release|Any CPU.ActiveCfg = Release|Any CPU
		{64BF497A-733C-404B-9D31-94B9ACC238C1}.Release|Any CPU.Build.0 = Release|Any CPU
		{64BF497A-733C-404B-9D31-94B9ACC238C1}.Release|x64.ActiveCfg = Release|x64
		{64BF497A-733C-404B-9D31-94B9ACC238C1}.Release|x64.Build.0 = Release|x64
		{64BF497A-733C-404B-9D31-94B9ACC238C1}.Release|x86.ActiveCfg = Release|Any CPU
		{64BF497A-733C-404B-9D31-94B9ACC238C1}.Release|x86.Build.0 = Release|Any CPU
		{6DAF6112-1C79-4675-AF98-451FBD7FCCBA}.Debug|Any CPU.ActiveCfg = Debug|Any CPU
		{6DAF6112-1C79-4675-AF98-451FBD7FCCBA}.Debug|Any CPU.Build.0 = Debug|Any CPU
		{6DAF6112-1C79-4675-AF98-451FBD7FCCBA}.Debug|x64.ActiveCfg = Debug|Any CPU
		{6DAF6112-1C79-4675-AF98-451FBD7FCCBA}.Debug|x64.Build.0 = Debug|Any CPU
		{6DAF6112-1C79-4675-AF98-451FBD7FCCBA}.Debug|x86.ActiveCfg = Debug|Any CPU
		{6DAF6112-1C79-4675-AF98-451FBD7FCCBA}.Debug|x86.Build.0 = Debug|Any CPU
		{6DAF6112-1C79-4675-AF98-451FBD7FCCBA}.Release|Any CPU.ActiveCfg = Release|Any CPU
		{6DAF6112-1C79-4675-AF98-451FBD7FCCBA}.Release|Any CPU.Build.0 = Release|Any CPU
		{6DAF6112-1C79-4675-AF98-451FBD7FCCBA}.Release|x64.ActiveCfg = Release|Any CPU
		{6DAF6112-1C79-4675-AF98-451FBD7FCCBA}.Release|x64.Build.0 = Release|Any CPU
		{6DAF6112-1C79-4675-AF98-451FBD7FCCBA}.Release|x86.ActiveCfg = Release|Any CPU
		{6DAF6112-1C79-4675-AF98-451FBD7FCCBA}.Release|x86.Build.0 = Release|Any CPU
		{F6052705-440D-4105-B51A-6E8A93BDD36C}.Debug|Any CPU.ActiveCfg = Debug|Any CPU
		{F6052705-440D-4105-B51A-6E8A93BDD36C}.Debug|Any CPU.Build.0 = Debug|Any CPU
		{F6052705-440D-4105-B51A-6E8A93BDD36C}.Debug|x64.ActiveCfg = Debug|Any CPU
		{F6052705-440D-4105-B51A-6E8A93BDD36C}.Debug|x64.Build.0 = Debug|Any CPU
		{F6052705-440D-4105-B51A-6E8A93BDD36C}.Debug|x86.ActiveCfg = Debug|Any CPU
		{F6052705-440D-4105-B51A-6E8A93BDD36C}.Debug|x86.Build.0 = Debug|Any CPU
		{F6052705-440D-4105-B51A-6E8A93BDD36C}.Release|Any CPU.ActiveCfg = Release|Any CPU
		{F6052705-440D-4105-B51A-6E8A93BDD36C}.Release|Any CPU.Build.0 = Release|Any CPU
		{F6052705-440D-4105-B51A-6E8A93BDD36C}.Release|x64.ActiveCfg = Release|Any CPU
		{F6052705-440D-4105-B51A-6E8A93BDD36C}.Release|x64.Build.0 = Release|Any CPU
		{F6052705-440D-4105-B51A-6E8A93BDD36C}.Release|x86.ActiveCfg = Release|Any CPU
		{F6052705-440D-4105-B51A-6E8A93BDD36C}.Release|x86.Build.0 = Release|Any CPU
		{191CDCD2-A62B-4817-8F04-63972A82A8D3}.Debug|Any CPU.ActiveCfg = Debug|Any CPU
		{191CDCD2-A62B-4817-8F04-63972A82A8D3}.Debug|Any CPU.Build.0 = Debug|Any CPU
		{191CDCD2-A62B-4817-8F04-63972A82A8D3}.Debug|x64.ActiveCfg = Debug|Any CPU
		{191CDCD2-A62B-4817-8F04-63972A82A8D3}.Debug|x64.Build.0 = Debug|Any CPU
		{191CDCD2-A62B-4817-8F04-63972A82A8D3}.Debug|x86.ActiveCfg = Debug|Any CPU
		{191CDCD2-A62B-4817-8F04-63972A82A8D3}.Debug|x86.Build.0 = Debug|Any CPU
		{191CDCD2-A62B-4817-8F04-63972A82A8D3}.Release|Any CPU.ActiveCfg = Release|Any CPU
		{191CDCD2-A62B-4817-8F04-63972A82A8D3}.Release|Any CPU.Build.0 = Release|Any CPU
		{191CDCD2-A62B-4817-8F04-63972A82A8D3}.Release|x64.ActiveCfg = Release|Any CPU
		{191CDCD2-A62B-4817-8F04-63972A82A8D3}.Release|x64.Build.0 = Release|Any CPU
		{191CDCD2-A62B-4817-8F04-63972A82A8D3}.Release|x86.ActiveCfg = Release|Any CPU
		{191CDCD2-A62B-4817-8F04-63972A82A8D3}.Release|x86.Build.0 = Release|Any CPU
		{42EE90CA-D494-40EE-A271-9D004D9F5EFE}.Debug|Any CPU.ActiveCfg = Debug|Any CPU
		{42EE90CA-D494-40EE-A271-9D004D9F5EFE}.Debug|Any CPU.Build.0 = Debug|Any CPU
		{42EE90CA-D494-40EE-A271-9D004D9F5EFE}.Debug|x64.ActiveCfg = Debug|x64
		{42EE90CA-D494-40EE-A271-9D004D9F5EFE}.Debug|x64.Build.0 = Debug|x64
		{42EE90CA-D494-40EE-A271-9D004D9F5EFE}.Debug|x86.ActiveCfg = Debug|Any CPU
		{42EE90CA-D494-40EE-A271-9D004D9F5EFE}.Debug|x86.Build.0 = Debug|Any CPU
		{42EE90CA-D494-40EE-A271-9D004D9F5EFE}.Release|Any CPU.ActiveCfg = Release|Any CPU
		{42EE90CA-D494-40EE-A271-9D004D9F5EFE}.Release|Any CPU.Build.0 = Release|Any CPU
		{42EE90CA-D494-40EE-A271-9D004D9F5EFE}.Release|x64.ActiveCfg = Release|x64
		{42EE90CA-D494-40EE-A271-9D004D9F5EFE}.Release|x64.Build.0 = Release|x64
		{42EE90CA-D494-40EE-A271-9D004D9F5EFE}.Release|x86.ActiveCfg = Release|Any CPU
		{42EE90CA-D494-40EE-A271-9D004D9F5EFE}.Release|x86.Build.0 = Release|Any CPU
		{5AD69B9A-EDD1-4B01-BC7C-FB87970EC700}.Debug|Any CPU.ActiveCfg = Debug|Any CPU
		{5AD69B9A-EDD1-4B01-BC7C-FB87970EC700}.Debug|Any CPU.Build.0 = Debug|Any CPU
		{5AD69B9A-EDD1-4B01-BC7C-FB87970EC700}.Debug|x64.ActiveCfg = Debug|x64
		{5AD69B9A-EDD1-4B01-BC7C-FB87970EC700}.Debug|x64.Build.0 = Debug|x64
		{5AD69B9A-EDD1-4B01-BC7C-FB87970EC700}.Debug|x86.ActiveCfg = Debug|Any CPU
		{5AD69B9A-EDD1-4B01-BC7C-FB87970EC700}.Debug|x86.Build.0 = Debug|Any CPU
		{5AD69B9A-EDD1-4B01-BC7C-FB87970EC700}.Release|Any CPU.ActiveCfg = Release|Any CPU
		{5AD69B9A-EDD1-4B01-BC7C-FB87970EC700}.Release|Any CPU.Build.0 = Release|Any CPU
		{5AD69B9A-EDD1-4B01-BC7C-FB87970EC700}.Release|x64.ActiveCfg = Release|x64
		{5AD69B9A-EDD1-4B01-BC7C-FB87970EC700}.Release|x64.Build.0 = Release|x64
		{5AD69B9A-EDD1-4B01-BC7C-FB87970EC700}.Release|x86.ActiveCfg = Release|Any CPU
		{5AD69B9A-EDD1-4B01-BC7C-FB87970EC700}.Release|x86.Build.0 = Release|Any CPU
		{44DD9F1D-F4AD-4048-8B7E-58352DC47DC1}.Debug|Any CPU.ActiveCfg = Debug|Any CPU
		{44DD9F1D-F4AD-4048-8B7E-58352DC47DC1}.Debug|Any CPU.Build.0 = Debug|Any CPU
		{44DD9F1D-F4AD-4048-8B7E-58352DC47DC1}.Debug|x64.ActiveCfg = Debug|x64
		{44DD9F1D-F4AD-4048-8B7E-58352DC47DC1}.Debug|x64.Build.0 = Debug|x64
		{44DD9F1D-F4AD-4048-8B7E-58352DC47DC1}.Debug|x86.ActiveCfg = Debug|Any CPU
		{44DD9F1D-F4AD-4048-8B7E-58352DC47DC1}.Debug|x86.Build.0 = Debug|Any CPU
		{44DD9F1D-F4AD-4048-8B7E-58352DC47DC1}.Release|Any CPU.ActiveCfg = Release|Any CPU
		{44DD9F1D-F4AD-4048-8B7E-58352DC47DC1}.Release|Any CPU.Build.0 = Release|Any CPU
		{44DD9F1D-F4AD-4048-8B7E-58352DC47DC1}.Release|x64.ActiveCfg = Release|x64
		{44DD9F1D-F4AD-4048-8B7E-58352DC47DC1}.Release|x64.Build.0 = Release|x64
		{44DD9F1D-F4AD-4048-8B7E-58352DC47DC1}.Release|x86.ActiveCfg = Release|Any CPU
		{44DD9F1D-F4AD-4048-8B7E-58352DC47DC1}.Release|x86.Build.0 = Release|Any CPU
		{A8E22C34-5266-4FC9-97FD-18BFEBB2D26A}.Debug|Any CPU.ActiveCfg = Debug|Any CPU
		{A8E22C34-5266-4FC9-97FD-18BFEBB2D26A}.Debug|Any CPU.Build.0 = Debug|Any CPU
		{A8E22C34-5266-4FC9-97FD-18BFEBB2D26A}.Debug|x64.ActiveCfg = Debug|Any CPU
		{A8E22C34-5266-4FC9-97FD-18BFEBB2D26A}.Debug|x64.Build.0 = Debug|Any CPU
		{A8E22C34-5266-4FC9-97FD-18BFEBB2D26A}.Debug|x86.ActiveCfg = Debug|Any CPU
		{A8E22C34-5266-4FC9-97FD-18BFEBB2D26A}.Debug|x86.Build.0 = Debug|Any CPU
		{A8E22C34-5266-4FC9-97FD-18BFEBB2D26A}.Release|Any CPU.ActiveCfg = Release|Any CPU
		{A8E22C34-5266-4FC9-97FD-18BFEBB2D26A}.Release|Any CPU.Build.0 = Release|Any CPU
		{A8E22C34-5266-4FC9-97FD-18BFEBB2D26A}.Release|x64.ActiveCfg = Release|Any CPU
		{A8E22C34-5266-4FC9-97FD-18BFEBB2D26A}.Release|x64.Build.0 = Release|Any CPU
		{A8E22C34-5266-4FC9-97FD-18BFEBB2D26A}.Release|x86.ActiveCfg = Release|Any CPU
		{A8E22C34-5266-4FC9-97FD-18BFEBB2D26A}.Release|x86.Build.0 = Release|Any CPU
		{26E99184-7B19-4C2E-8791-C8292BD59B64}.Debug|Any CPU.ActiveCfg = Debug|Any CPU
		{26E99184-7B19-4C2E-8791-C8292BD59B64}.Debug|Any CPU.Build.0 = Debug|Any CPU
		{26E99184-7B19-4C2E-8791-C8292BD59B64}.Debug|x64.ActiveCfg = Debug|x64
		{26E99184-7B19-4C2E-8791-C8292BD59B64}.Debug|x64.Build.0 = Debug|x64
		{26E99184-7B19-4C2E-8791-C8292BD59B64}.Debug|x86.ActiveCfg = Debug|Any CPU
		{26E99184-7B19-4C2E-8791-C8292BD59B64}.Debug|x86.Build.0 = Debug|Any CPU
		{26E99184-7B19-4C2E-8791-C8292BD59B64}.Release|Any CPU.ActiveCfg = Release|Any CPU
		{26E99184-7B19-4C2E-8791-C8292BD59B64}.Release|Any CPU.Build.0 = Release|Any CPU
		{26E99184-7B19-4C2E-8791-C8292BD59B64}.Release|x64.ActiveCfg = Release|x64
		{26E99184-7B19-4C2E-8791-C8292BD59B64}.Release|x64.Build.0 = Release|x64
		{26E99184-7B19-4C2E-8791-C8292BD59B64}.Release|x86.ActiveCfg = Release|Any CPU
		{26E99184-7B19-4C2E-8791-C8292BD59B64}.Release|x86.Build.0 = Release|Any CPU
		{1FB5D5F3-1729-4CEE-974F-AA3CD2711089}.Debug|Any CPU.ActiveCfg = Debug|Any CPU
		{1FB5D5F3-1729-4CEE-974F-AA3CD2711089}.Debug|Any CPU.Build.0 = Debug|Any CPU
		{1FB5D5F3-1729-4CEE-974F-AA3CD2711089}.Debug|x64.ActiveCfg = Debug|Any CPU
		{1FB5D5F3-1729-4CEE-974F-AA3CD2711089}.Debug|x64.Build.0 = Debug|Any CPU
		{1FB5D5F3-1729-4CEE-974F-AA3CD2711089}.Debug|x86.ActiveCfg = Debug|Any CPU
		{1FB5D5F3-1729-4CEE-974F-AA3CD2711089}.Debug|x86.Build.0 = Debug|Any CPU
		{1FB5D5F3-1729-4CEE-974F-AA3CD2711089}.Release|Any CPU.ActiveCfg = Release|Any CPU
		{1FB5D5F3-1729-4CEE-974F-AA3CD2711089}.Release|Any CPU.Build.0 = Release|Any CPU
		{1FB5D5F3-1729-4CEE-974F-AA3CD2711089}.Release|x64.ActiveCfg = Release|Any CPU
		{1FB5D5F3-1729-4CEE-974F-AA3CD2711089}.Release|x64.Build.0 = Release|Any CPU
		{1FB5D5F3-1729-4CEE-974F-AA3CD2711089}.Release|x86.ActiveCfg = Release|Any CPU
		{1FB5D5F3-1729-4CEE-974F-AA3CD2711089}.Release|x86.Build.0 = Release|Any CPU
		{D31F0023-CC26-43AC-AA1C-0E843A4DD902}.Debug|Any CPU.ActiveCfg = Debug|Any CPU
		{D31F0023-CC26-43AC-AA1C-0E843A4DD902}.Debug|Any CPU.Build.0 = Debug|Any CPU
		{D31F0023-CC26-43AC-AA1C-0E843A4DD902}.Debug|x64.ActiveCfg = Debug|Any CPU
		{D31F0023-CC26-43AC-AA1C-0E843A4DD902}.Debug|x64.Build.0 = Debug|Any CPU
		{D31F0023-CC26-43AC-AA1C-0E843A4DD902}.Debug|x86.ActiveCfg = Debug|Any CPU
		{D31F0023-CC26-43AC-AA1C-0E843A4DD902}.Debug|x86.Build.0 = Debug|Any CPU
		{D31F0023-CC26-43AC-AA1C-0E843A4DD902}.Release|Any CPU.ActiveCfg = Release|Any CPU
		{D31F0023-CC26-43AC-AA1C-0E843A4DD902}.Release|Any CPU.Build.0 = Release|Any CPU
		{D31F0023-CC26-43AC-AA1C-0E843A4DD902}.Release|x64.ActiveCfg = Release|Any CPU
		{D31F0023-CC26-43AC-AA1C-0E843A4DD902}.Release|x64.Build.0 = Release|Any CPU
		{D31F0023-CC26-43AC-AA1C-0E843A4DD902}.Release|x86.ActiveCfg = Release|Any CPU
		{D31F0023-CC26-43AC-AA1C-0E843A4DD902}.Release|x86.Build.0 = Release|Any CPU
		{22001B88-06B8-4150-A833-E0CAC3C12803}.Debug|Any CPU.ActiveCfg = Debug|Any CPU
		{22001B88-06B8-4150-A833-E0CAC3C12803}.Debug|Any CPU.Build.0 = Debug|Any CPU
		{22001B88-06B8-4150-A833-E0CAC3C12803}.Debug|x64.ActiveCfg = Debug|Any CPU
		{22001B88-06B8-4150-A833-E0CAC3C12803}.Debug|x64.Build.0 = Debug|Any CPU
		{22001B88-06B8-4150-A833-E0CAC3C12803}.Debug|x86.ActiveCfg = Debug|Any CPU
		{22001B88-06B8-4150-A833-E0CAC3C12803}.Debug|x86.Build.0 = Debug|Any CPU
		{22001B88-06B8-4150-A833-E0CAC3C12803}.Release|Any CPU.ActiveCfg = Release|Any CPU
		{22001B88-06B8-4150-A833-E0CAC3C12803}.Release|Any CPU.Build.0 = Release|Any CPU
		{22001B88-06B8-4150-A833-E0CAC3C12803}.Release|x64.ActiveCfg = Release|Any CPU
		{22001B88-06B8-4150-A833-E0CAC3C12803}.Release|x64.Build.0 = Release|Any CPU
		{22001B88-06B8-4150-A833-E0CAC3C12803}.Release|x86.ActiveCfg = Release|Any CPU
		{22001B88-06B8-4150-A833-E0CAC3C12803}.Release|x86.Build.0 = Release|Any CPU
		{C3BE2750-E404-4ED7-A89A-92EAEC71CDC5}.Debug|Any CPU.ActiveCfg = Debug|Any CPU
		{C3BE2750-E404-4ED7-A89A-92EAEC71CDC5}.Debug|Any CPU.Build.0 = Debug|Any CPU
		{C3BE2750-E404-4ED7-A89A-92EAEC71CDC5}.Debug|x64.ActiveCfg = Debug|Any CPU
		{C3BE2750-E404-4ED7-A89A-92EAEC71CDC5}.Debug|x64.Build.0 = Debug|Any CPU
		{C3BE2750-E404-4ED7-A89A-92EAEC71CDC5}.Debug|x86.ActiveCfg = Debug|Any CPU
		{C3BE2750-E404-4ED7-A89A-92EAEC71CDC5}.Debug|x86.Build.0 = Debug|Any CPU
		{C3BE2750-E404-4ED7-A89A-92EAEC71CDC5}.Release|Any CPU.ActiveCfg = Release|Any CPU
		{C3BE2750-E404-4ED7-A89A-92EAEC71CDC5}.Release|Any CPU.Build.0 = Release|Any CPU
		{C3BE2750-E404-4ED7-A89A-92EAEC71CDC5}.Release|x64.ActiveCfg = Release|Any CPU
		{C3BE2750-E404-4ED7-A89A-92EAEC71CDC5}.Release|x64.Build.0 = Release|Any CPU
		{C3BE2750-E404-4ED7-A89A-92EAEC71CDC5}.Release|x86.ActiveCfg = Release|Any CPU
		{C3BE2750-E404-4ED7-A89A-92EAEC71CDC5}.Release|x86.Build.0 = Release|Any CPU
		{BDF1CE97-F40D-465C-B3D4-62705FD854A8}.Debug|Any CPU.ActiveCfg = Debug|Any CPU
		{BDF1CE97-F40D-465C-B3D4-62705FD854A8}.Debug|Any CPU.Build.0 = Debug|Any CPU
		{BDF1CE97-F40D-465C-B3D4-62705FD854A8}.Debug|x64.ActiveCfg = Debug|x64
		{BDF1CE97-F40D-465C-B3D4-62705FD854A8}.Debug|x64.Build.0 = Debug|x64
		{BDF1CE97-F40D-465C-B3D4-62705FD854A8}.Debug|x86.ActiveCfg = Debug|Any CPU
		{BDF1CE97-F40D-465C-B3D4-62705FD854A8}.Debug|x86.Build.0 = Debug|Any CPU
		{BDF1CE97-F40D-465C-B3D4-62705FD854A8}.Release|Any CPU.ActiveCfg = Release|Any CPU
		{BDF1CE97-F40D-465C-B3D4-62705FD854A8}.Release|Any CPU.Build.0 = Release|Any CPU
		{BDF1CE97-F40D-465C-B3D4-62705FD854A8}.Release|x64.ActiveCfg = Release|x64
		{BDF1CE97-F40D-465C-B3D4-62705FD854A8}.Release|x64.Build.0 = Release|x64
		{BDF1CE97-F40D-465C-B3D4-62705FD854A8}.Release|x86.ActiveCfg = Release|Any CPU
		{BDF1CE97-F40D-465C-B3D4-62705FD854A8}.Release|x86.Build.0 = Release|Any CPU
		{B4C6953B-B13D-4F6E-8AEE-8F0E05177EA6}.Debug|Any CPU.ActiveCfg = Debug|Any CPU
		{B4C6953B-B13D-4F6E-8AEE-8F0E05177EA6}.Debug|Any CPU.Build.0 = Debug|Any CPU
		{B4C6953B-B13D-4F6E-8AEE-8F0E05177EA6}.Debug|x64.ActiveCfg = Debug|Any CPU
		{B4C6953B-B13D-4F6E-8AEE-8F0E05177EA6}.Debug|x64.Build.0 = Debug|Any CPU
		{B4C6953B-B13D-4F6E-8AEE-8F0E05177EA6}.Debug|x86.ActiveCfg = Debug|Any CPU
		{B4C6953B-B13D-4F6E-8AEE-8F0E05177EA6}.Debug|x86.Build.0 = Debug|Any CPU
		{B4C6953B-B13D-4F6E-8AEE-8F0E05177EA6}.Release|Any CPU.ActiveCfg = Release|Any CPU
		{B4C6953B-B13D-4F6E-8AEE-8F0E05177EA6}.Release|Any CPU.Build.0 = Release|Any CPU
		{B4C6953B-B13D-4F6E-8AEE-8F0E05177EA6}.Release|x64.ActiveCfg = Release|Any CPU
		{B4C6953B-B13D-4F6E-8AEE-8F0E05177EA6}.Release|x64.Build.0 = Release|Any CPU
		{B4C6953B-B13D-4F6E-8AEE-8F0E05177EA6}.Release|x86.ActiveCfg = Release|Any CPU
		{B4C6953B-B13D-4F6E-8AEE-8F0E05177EA6}.Release|x86.Build.0 = Release|Any CPU
		{E66BB2BA-EBCF-4BEC-8189-2DC9E5F5BBB8}.Debug|Any CPU.ActiveCfg = Debug|Any CPU
		{E66BB2BA-EBCF-4BEC-8189-2DC9E5F5BBB8}.Debug|Any CPU.Build.0 = Debug|Any CPU
		{E66BB2BA-EBCF-4BEC-8189-2DC9E5F5BBB8}.Debug|x64.ActiveCfg = Debug|Any CPU
		{E66BB2BA-EBCF-4BEC-8189-2DC9E5F5BBB8}.Debug|x64.Build.0 = Debug|Any CPU
		{E66BB2BA-EBCF-4BEC-8189-2DC9E5F5BBB8}.Debug|x86.ActiveCfg = Debug|Any CPU
		{E66BB2BA-EBCF-4BEC-8189-2DC9E5F5BBB8}.Debug|x86.Build.0 = Debug|Any CPU
		{E66BB2BA-EBCF-4BEC-8189-2DC9E5F5BBB8}.Release|Any CPU.ActiveCfg = Release|Any CPU
		{E66BB2BA-EBCF-4BEC-8189-2DC9E5F5BBB8}.Release|Any CPU.Build.0 = Release|Any CPU
		{E66BB2BA-EBCF-4BEC-8189-2DC9E5F5BBB8}.Release|x64.ActiveCfg = Release|Any CPU
		{E66BB2BA-EBCF-4BEC-8189-2DC9E5F5BBB8}.Release|x64.Build.0 = Release|Any CPU
		{E66BB2BA-EBCF-4BEC-8189-2DC9E5F5BBB8}.Release|x86.ActiveCfg = Release|Any CPU
		{E66BB2BA-EBCF-4BEC-8189-2DC9E5F5BBB8}.Release|x86.Build.0 = Release|Any CPU
		{D75B3F9B-E14B-4E88-81CC-8D01CABD2759}.Debug|Any CPU.ActiveCfg = Debug|Any CPU
		{D75B3F9B-E14B-4E88-81CC-8D01CABD2759}.Debug|Any CPU.Build.0 = Debug|Any CPU
		{D75B3F9B-E14B-4E88-81CC-8D01CABD2759}.Debug|x64.ActiveCfg = Debug|Any CPU
		{D75B3F9B-E14B-4E88-81CC-8D01CABD2759}.Debug|x64.Build.0 = Debug|Any CPU
		{D75B3F9B-E14B-4E88-81CC-8D01CABD2759}.Debug|x86.ActiveCfg = Debug|Any CPU
		{D75B3F9B-E14B-4E88-81CC-8D01CABD2759}.Debug|x86.Build.0 = Debug|Any CPU
		{D75B3F9B-E14B-4E88-81CC-8D01CABD2759}.Release|Any CPU.ActiveCfg = Release|Any CPU
		{D75B3F9B-E14B-4E88-81CC-8D01CABD2759}.Release|Any CPU.Build.0 = Release|Any CPU
		{D75B3F9B-E14B-4E88-81CC-8D01CABD2759}.Release|x64.ActiveCfg = Release|Any CPU
		{D75B3F9B-E14B-4E88-81CC-8D01CABD2759}.Release|x64.Build.0 = Release|Any CPU
		{D75B3F9B-E14B-4E88-81CC-8D01CABD2759}.Release|x86.ActiveCfg = Release|Any CPU
		{D75B3F9B-E14B-4E88-81CC-8D01CABD2759}.Release|x86.Build.0 = Release|Any CPU
		{2EE38ADB-9B9A-41EB-8117-2D20BDBAD183}.Debug|Any CPU.ActiveCfg = Debug|Any CPU
		{2EE38ADB-9B9A-41EB-8117-2D20BDBAD183}.Debug|Any CPU.Build.0 = Debug|Any CPU
		{2EE38ADB-9B9A-41EB-8117-2D20BDBAD183}.Debug|x64.ActiveCfg = Debug|Any CPU
		{2EE38ADB-9B9A-41EB-8117-2D20BDBAD183}.Debug|x64.Build.0 = Debug|Any CPU
		{2EE38ADB-9B9A-41EB-8117-2D20BDBAD183}.Debug|x86.ActiveCfg = Debug|Any CPU
		{2EE38ADB-9B9A-41EB-8117-2D20BDBAD183}.Debug|x86.Build.0 = Debug|Any CPU
		{2EE38ADB-9B9A-41EB-8117-2D20BDBAD183}.Release|Any CPU.ActiveCfg = Release|Any CPU
		{2EE38ADB-9B9A-41EB-8117-2D20BDBAD183}.Release|Any CPU.Build.0 = Release|Any CPU
		{2EE38ADB-9B9A-41EB-8117-2D20BDBAD183}.Release|x64.ActiveCfg = Release|Any CPU
		{2EE38ADB-9B9A-41EB-8117-2D20BDBAD183}.Release|x64.Build.0 = Release|Any CPU
		{2EE38ADB-9B9A-41EB-8117-2D20BDBAD183}.Release|x86.ActiveCfg = Release|Any CPU
		{2EE38ADB-9B9A-41EB-8117-2D20BDBAD183}.Release|x86.Build.0 = Release|Any CPU
		{3434C46B-C82F-4FB9-98FE-E15A04AE744D}.Debug|Any CPU.ActiveCfg = Debug|Any CPU
		{3434C46B-C82F-4FB9-98FE-E15A04AE744D}.Debug|Any CPU.Build.0 = Debug|Any CPU
		{3434C46B-C82F-4FB9-98FE-E15A04AE744D}.Debug|x64.ActiveCfg = Debug|Any CPU
		{3434C46B-C82F-4FB9-98FE-E15A04AE744D}.Debug|x64.Build.0 = Debug|Any CPU
		{3434C46B-C82F-4FB9-98FE-E15A04AE744D}.Debug|x86.ActiveCfg = Debug|Any CPU
		{3434C46B-C82F-4FB9-98FE-E15A04AE744D}.Debug|x86.Build.0 = Debug|Any CPU
		{3434C46B-C82F-4FB9-98FE-E15A04AE744D}.Release|Any CPU.ActiveCfg = Release|Any CPU
		{3434C46B-C82F-4FB9-98FE-E15A04AE744D}.Release|Any CPU.Build.0 = Release|Any CPU
		{3434C46B-C82F-4FB9-98FE-E15A04AE744D}.Release|x64.ActiveCfg = Release|Any CPU
		{3434C46B-C82F-4FB9-98FE-E15A04AE744D}.Release|x64.Build.0 = Release|Any CPU
		{3434C46B-C82F-4FB9-98FE-E15A04AE744D}.Release|x86.ActiveCfg = Release|Any CPU
		{3434C46B-C82F-4FB9-98FE-E15A04AE744D}.Release|x86.Build.0 = Release|Any CPU
		{696E7F3C-358F-4423-A8ED-BF6CFBCDCA9E}.Debug|Any CPU.ActiveCfg = Debug|Any CPU
		{696E7F3C-358F-4423-A8ED-BF6CFBCDCA9E}.Debug|Any CPU.Build.0 = Debug|Any CPU
		{696E7F3C-358F-4423-A8ED-BF6CFBCDCA9E}.Debug|x64.ActiveCfg = Debug|Any CPU
		{696E7F3C-358F-4423-A8ED-BF6CFBCDCA9E}.Debug|x64.Build.0 = Debug|Any CPU
		{696E7F3C-358F-4423-A8ED-BF6CFBCDCA9E}.Debug|x86.ActiveCfg = Debug|Any CPU
		{696E7F3C-358F-4423-A8ED-BF6CFBCDCA9E}.Debug|x86.Build.0 = Debug|Any CPU
		{696E7F3C-358F-4423-A8ED-BF6CFBCDCA9E}.Release|Any CPU.ActiveCfg = Release|Any CPU
		{696E7F3C-358F-4423-A8ED-BF6CFBCDCA9E}.Release|Any CPU.Build.0 = Release|Any CPU
		{696E7F3C-358F-4423-A8ED-BF6CFBCDCA9E}.Release|x64.ActiveCfg = Release|Any CPU
		{696E7F3C-358F-4423-A8ED-BF6CFBCDCA9E}.Release|x64.Build.0 = Release|Any CPU
		{696E7F3C-358F-4423-A8ED-BF6CFBCDCA9E}.Release|x86.ActiveCfg = Release|Any CPU
		{696E7F3C-358F-4423-A8ED-BF6CFBCDCA9E}.Release|x86.Build.0 = Release|Any CPU
		{BC43BAE4-4B73-46E9-B18E-CC63C84DA8BC}.Debug|Any CPU.ActiveCfg = Debug|Any CPU
		{BC43BAE4-4B73-46E9-B18E-CC63C84DA8BC}.Debug|Any CPU.Build.0 = Debug|Any CPU
		{BC43BAE4-4B73-46E9-B18E-CC63C84DA8BC}.Debug|x64.ActiveCfg = Debug|Any CPU
		{BC43BAE4-4B73-46E9-B18E-CC63C84DA8BC}.Debug|x64.Build.0 = Debug|Any CPU
		{BC43BAE4-4B73-46E9-B18E-CC63C84DA8BC}.Debug|x86.ActiveCfg = Debug|Any CPU
		{BC43BAE4-4B73-46E9-B18E-CC63C84DA8BC}.Debug|x86.Build.0 = Debug|Any CPU
		{BC43BAE4-4B73-46E9-B18E-CC63C84DA8BC}.Release|Any CPU.ActiveCfg = Release|Any CPU
		{BC43BAE4-4B73-46E9-B18E-CC63C84DA8BC}.Release|Any CPU.Build.0 = Release|Any CPU
		{BC43BAE4-4B73-46E9-B18E-CC63C84DA8BC}.Release|x64.ActiveCfg = Release|Any CPU
		{BC43BAE4-4B73-46E9-B18E-CC63C84DA8BC}.Release|x64.Build.0 = Release|Any CPU
		{BC43BAE4-4B73-46E9-B18E-CC63C84DA8BC}.Release|x86.ActiveCfg = Release|Any CPU
		{BC43BAE4-4B73-46E9-B18E-CC63C84DA8BC}.Release|x86.Build.0 = Release|Any CPU
		{CFA9A87F-21E8-444F-8A7C-17CCDD35D55A}.Debug|Any CPU.ActiveCfg = Debug|Any CPU
		{CFA9A87F-21E8-444F-8A7C-17CCDD35D55A}.Debug|Any CPU.Build.0 = Debug|Any CPU
		{CFA9A87F-21E8-444F-8A7C-17CCDD35D55A}.Debug|x64.ActiveCfg = Debug|Any CPU
		{CFA9A87F-21E8-444F-8A7C-17CCDD35D55A}.Debug|x64.Build.0 = Debug|Any CPU
		{CFA9A87F-21E8-444F-8A7C-17CCDD35D55A}.Debug|x86.ActiveCfg = Debug|Any CPU
		{CFA9A87F-21E8-444F-8A7C-17CCDD35D55A}.Debug|x86.Build.0 = Debug|Any CPU
		{CFA9A87F-21E8-444F-8A7C-17CCDD35D55A}.Release|Any CPU.ActiveCfg = Release|Any CPU
		{CFA9A87F-21E8-444F-8A7C-17CCDD35D55A}.Release|Any CPU.Build.0 = Release|Any CPU
		{CFA9A87F-21E8-444F-8A7C-17CCDD35D55A}.Release|x64.ActiveCfg = Release|Any CPU
		{CFA9A87F-21E8-444F-8A7C-17CCDD35D55A}.Release|x64.Build.0 = Release|Any CPU
		{CFA9A87F-21E8-444F-8A7C-17CCDD35D55A}.Release|x86.ActiveCfg = Release|Any CPU
		{CFA9A87F-21E8-444F-8A7C-17CCDD35D55A}.Release|x86.Build.0 = Release|Any CPU
	EndGlobalSection
	GlobalSection(SolutionProperties) = preSolution
		HideSolutionNode = FALSE
	EndGlobalSection
	GlobalSection(NestedProjects) = preSolution
		{DA5CAD48-BEB9-4316-814A-820EA2A21081} = {1D6E7A76-CA5E-486C-9C2F-A9644FDA47AD}
		{846EEE2A-9193-41FF-A661-67380DBEBE60} = {1D6E7A76-CA5E-486C-9C2F-A9644FDA47AD}
		{058BF07F-34FA-48C4-8E4D-D5DB6F3F9B8B} = {846EEE2A-9193-41FF-A661-67380DBEBE60}
		{64BF497A-733C-404B-9D31-94B9ACC238C1} = {846EEE2A-9193-41FF-A661-67380DBEBE60}
		{3A698F3F-DCBE-489C-A0EA-547213E89575} = {DA5CAD48-BEB9-4316-814A-820EA2A21081}
		{78BC23E2-792E-482C-805A-157B1D949E21} = {3A698F3F-DCBE-489C-A0EA-547213E89575}
		{6DAF6112-1C79-4675-AF98-451FBD7FCCBA} = {78BC23E2-792E-482C-805A-157B1D949E21}
		{F6052705-440D-4105-B51A-6E8A93BDD36C} = {DA5CAD48-BEB9-4316-814A-820EA2A21081}
		{191CDCD2-A62B-4817-8F04-63972A82A8D3} = {DA5CAD48-BEB9-4316-814A-820EA2A21081}
		{42EE90CA-D494-40EE-A271-9D004D9F5EFE} = {DA5CAD48-BEB9-4316-814A-820EA2A21081}
		{5AD69B9A-EDD1-4B01-BC7C-FB87970EC700} = {DA5CAD48-BEB9-4316-814A-820EA2A21081}
		{44DD9F1D-F4AD-4048-8B7E-58352DC47DC1} = {DA5CAD48-BEB9-4316-814A-820EA2A21081}
		{A8E22C34-5266-4FC9-97FD-18BFEBB2D26A} = {DA5CAD48-BEB9-4316-814A-820EA2A21081}
		{26E99184-7B19-4C2E-8791-C8292BD59B64} = {DA5CAD48-BEB9-4316-814A-820EA2A21081}
		{AA6D4DDD-0C5B-4F34-A6F7-7735858C326F} = {3A698F3F-DCBE-489C-A0EA-547213E89575}
		{1FB5D5F3-1729-4CEE-974F-AA3CD2711089} = {AA6D4DDD-0C5B-4F34-A6F7-7735858C326F}
		{17E8A268-2B56-42BB-BEE6-D516967F66F6} = {3A698F3F-DCBE-489C-A0EA-547213E89575}
		{D31F0023-CC26-43AC-AA1C-0E843A4DD902} = {17E8A268-2B56-42BB-BEE6-D516967F66F6}
		{22001B88-06B8-4150-A833-E0CAC3C12803} = {17E8A268-2B56-42BB-BEE6-D516967F66F6}
		{C3BE2750-E404-4ED7-A89A-92EAEC71CDC5} = {AA6D4DDD-0C5B-4F34-A6F7-7735858C326F}
		{BDF1CE97-F40D-465C-B3D4-62705FD854A8} = {DA5CAD48-BEB9-4316-814A-820EA2A21081}
		{033AEBDD-D6AE-40DD-BB38-8667A78674D8} = {F38772AD-EAEE-4F89-B8CF-239B92DC5714}
		{1B3C097D-6872-488E-8A33-8306377947B6} = {D2A649EA-BF5F-4B70-87EB-DFA556F59B99}
		{B4C6953B-B13D-4F6E-8AEE-8F0E05177EA6} = {1B3C097D-6872-488E-8A33-8306377947B6}
		{E66BB2BA-EBCF-4BEC-8189-2DC9E5F5BBB8} = {1B3C097D-6872-488E-8A33-8306377947B6}
		{57C3C618-0291-4122-91CA-3D5F6AEAF8FD} = {D2A649EA-BF5F-4B70-87EB-DFA556F59B99}
		{D75B3F9B-E14B-4E88-81CC-8D01CABD2759} = {57C3C618-0291-4122-91CA-3D5F6AEAF8FD}
		{2EE38ADB-9B9A-41EB-8117-2D20BDBAD183} = {57C3C618-0291-4122-91CA-3D5F6AEAF8FD}
		{3434C46B-C82F-4FB9-98FE-E15A04AE744D} = {57C3C618-0291-4122-91CA-3D5F6AEAF8FD}
		{E45E3FCD-2AA8-46E5-9956-44A76EEB3BDA} = {D2A649EA-BF5F-4B70-87EB-DFA556F59B99}
		{696E7F3C-358F-4423-A8ED-BF6CFBCDCA9E} = {E45E3FCD-2AA8-46E5-9956-44A76EEB3BDA}
		{BC43BAE4-4B73-46E9-B18E-CC63C84DA8BC} = {E45E3FCD-2AA8-46E5-9956-44A76EEB3BDA}
		{CFA9A87F-21E8-444F-8A7C-17CCDD35D55A} = {E45E3FCD-2AA8-46E5-9956-44A76EEB3BDA}
	EndGlobalSection
	GlobalSection(ExtensibilityGlobals) = postSolution
		SolutionGuid = {8FCB1CA3-2B6C-469F-B569-084FC0B57488}
	EndGlobalSection
	GlobalSection(Performance) = preSolution
		HasPerformanceSessions = true
	EndGlobalSection
EndGlobal
