
Microsoft Visual Studio Solution File, Format Version 12.00
# Visual Studio 15
VisualStudioVersion = 15.0.28307.136
MinimumVisualStudioVersion = 10.0.40219.1
Project("{2150E333-8FDC-42A3-9474-1A3956D46DE8}") = "Submodules", "Submodules", "{734E0AAC-E1F9-421A-AC04-038873C9C2BB}"
EndProject
Project("{2150E333-8FDC-42A3-9474-1A3956D46DE8}") = "FarseerPhysics", "FarseerPhysics", "{DFAEC9DF-994B-45BF-8242-E63D3481A52E}"
EndProject
Project("{9A19103F-16F7-4668-BE54-9A1E7A4F7556}") = "FarseerPhysics.MonoGame.DebugView", "Submodules\FarseerPhysics\FarseerPhysics.MonoGame.DebugView\FarseerPhysics.MonoGame.DebugView.csproj", "{2E9C877F-4726-404E-96D6-763AF74CC5A7}"
EndProject
Project("{9A19103F-16F7-4668-BE54-9A1E7A4F7556}") = "FarseerPhysics.MonoGame", "Submodules\FarseerPhysics\FarseerPhysics.MonoGame\FarseerPhysics.MonoGame.csproj", "{453DC9FE-05B6-48F0-9761-D0D1EE49F1FB}"
EndProject
Project("{2150E333-8FDC-42A3-9474-1A3956D46DE8}") = "Guppy", "Guppy", "{022531CB-D8AF-498D-A22D-AE9D9B53E157}"
EndProject
Project("{9A19103F-16F7-4668-BE54-9A1E7A4F7556}") = "Guppy", "Submodules\Guppy\Guppy\Guppy.csproj", "{88B8F7ED-F2AA-4411-B664-37D43FCEA39D}"
EndProject
Project("{9A19103F-16F7-4668-BE54-9A1E7A4F7556}") = "Guppy.Network", "Submodules\Guppy\Guppy.Network\Guppy.Network.csproj", "{0B1386F9-8A9A-4CA8-B7C5-8FEEABD3F5A0}"
EndProject
Project("{9A19103F-16F7-4668-BE54-9A1E7A4F7556}") = "Guppy.UI", "Submodules\Guppy\Guppy.UI\Guppy.UI.csproj", "{FEDE0482-BB09-46D5-8A62-D37AB67CFD80}"
EndProject
Project("{FAE04EC0-301F-11D3-BF4B-00C04F79EFBC}") = "VoidHuntersRevived.Library", "VoidHuntersRevived.Library\VoidHuntersRevived.Library.csproj", "{CE818BE6-E43B-4E1B-8FA3-1291779E4D5B}"
EndProject
Project("{FAE04EC0-301F-11D3-BF4B-00C04F79EFBC}") = "VoidHuntersRevived.Client", "VoidHuntersRevived.Client\VoidHuntersRevived.Client.csproj", "{7764E661-5C29-4FA6-B253-392022E5B136}"
EndProject
Global
	GlobalSection(SolutionConfigurationPlatforms) = preSolution
		Debug|Any CPU = Debug|Any CPU
		Debug|x86 = Debug|x86
		Release|Any CPU = Release|Any CPU
		Release|x86 = Release|x86
	EndGlobalSection
	GlobalSection(ProjectConfigurationPlatforms) = postSolution
		{2E9C877F-4726-404E-96D6-763AF74CC5A7}.Debug|Any CPU.ActiveCfg = Debug|Any CPU
		{2E9C877F-4726-404E-96D6-763AF74CC5A7}.Debug|Any CPU.Build.0 = Debug|Any CPU
		{2E9C877F-4726-404E-96D6-763AF74CC5A7}.Debug|x86.ActiveCfg = Debug|Any CPU
		{2E9C877F-4726-404E-96D6-763AF74CC5A7}.Debug|x86.Build.0 = Debug|Any CPU
		{2E9C877F-4726-404E-96D6-763AF74CC5A7}.Release|Any CPU.ActiveCfg = Release|Any CPU
		{2E9C877F-4726-404E-96D6-763AF74CC5A7}.Release|Any CPU.Build.0 = Release|Any CPU
		{2E9C877F-4726-404E-96D6-763AF74CC5A7}.Release|x86.ActiveCfg = Release|Any CPU
		{2E9C877F-4726-404E-96D6-763AF74CC5A7}.Release|x86.Build.0 = Release|Any CPU
		{453DC9FE-05B6-48F0-9761-D0D1EE49F1FB}.Debug|Any CPU.ActiveCfg = Debug|Any CPU
		{453DC9FE-05B6-48F0-9761-D0D1EE49F1FB}.Debug|Any CPU.Build.0 = Debug|Any CPU
		{453DC9FE-05B6-48F0-9761-D0D1EE49F1FB}.Debug|x86.ActiveCfg = Debug|Any CPU
		{453DC9FE-05B6-48F0-9761-D0D1EE49F1FB}.Debug|x86.Build.0 = Debug|Any CPU
		{453DC9FE-05B6-48F0-9761-D0D1EE49F1FB}.Release|Any CPU.ActiveCfg = Release|Any CPU
		{453DC9FE-05B6-48F0-9761-D0D1EE49F1FB}.Release|Any CPU.Build.0 = Release|Any CPU
		{453DC9FE-05B6-48F0-9761-D0D1EE49F1FB}.Release|x86.ActiveCfg = Release|Any CPU
		{453DC9FE-05B6-48F0-9761-D0D1EE49F1FB}.Release|x86.Build.0 = Release|Any CPU
		{88B8F7ED-F2AA-4411-B664-37D43FCEA39D}.Debug|Any CPU.ActiveCfg = Debug|Any CPU
		{88B8F7ED-F2AA-4411-B664-37D43FCEA39D}.Debug|Any CPU.Build.0 = Debug|Any CPU
		{88B8F7ED-F2AA-4411-B664-37D43FCEA39D}.Debug|x86.ActiveCfg = Debug|Any CPU
		{88B8F7ED-F2AA-4411-B664-37D43FCEA39D}.Debug|x86.Build.0 = Debug|Any CPU
		{88B8F7ED-F2AA-4411-B664-37D43FCEA39D}.Release|Any CPU.ActiveCfg = Release|Any CPU
		{88B8F7ED-F2AA-4411-B664-37D43FCEA39D}.Release|Any CPU.Build.0 = Release|Any CPU
		{88B8F7ED-F2AA-4411-B664-37D43FCEA39D}.Release|x86.ActiveCfg = Release|Any CPU
		{88B8F7ED-F2AA-4411-B664-37D43FCEA39D}.Release|x86.Build.0 = Release|Any CPU
		{0B1386F9-8A9A-4CA8-B7C5-8FEEABD3F5A0}.Debug|Any CPU.ActiveCfg = Debug|Any CPU
		{0B1386F9-8A9A-4CA8-B7C5-8FEEABD3F5A0}.Debug|Any CPU.Build.0 = Debug|Any CPU
		{0B1386F9-8A9A-4CA8-B7C5-8FEEABD3F5A0}.Debug|x86.ActiveCfg = Debug|Any CPU
		{0B1386F9-8A9A-4CA8-B7C5-8FEEABD3F5A0}.Debug|x86.Build.0 = Debug|Any CPU
		{0B1386F9-8A9A-4CA8-B7C5-8FEEABD3F5A0}.Release|Any CPU.ActiveCfg = Release|Any CPU
		{0B1386F9-8A9A-4CA8-B7C5-8FEEABD3F5A0}.Release|Any CPU.Build.0 = Release|Any CPU
		{0B1386F9-8A9A-4CA8-B7C5-8FEEABD3F5A0}.Release|x86.ActiveCfg = Release|Any CPU
		{0B1386F9-8A9A-4CA8-B7C5-8FEEABD3F5A0}.Release|x86.Build.0 = Release|Any CPU
		{FEDE0482-BB09-46D5-8A62-D37AB67CFD80}.Debug|Any CPU.ActiveCfg = Debug|Any CPU
		{FEDE0482-BB09-46D5-8A62-D37AB67CFD80}.Debug|Any CPU.Build.0 = Debug|Any CPU
		{FEDE0482-BB09-46D5-8A62-D37AB67CFD80}.Debug|x86.ActiveCfg = Debug|Any CPU
		{FEDE0482-BB09-46D5-8A62-D37AB67CFD80}.Debug|x86.Build.0 = Debug|Any CPU
		{FEDE0482-BB09-46D5-8A62-D37AB67CFD80}.Release|Any CPU.ActiveCfg = Release|Any CPU
		{FEDE0482-BB09-46D5-8A62-D37AB67CFD80}.Release|Any CPU.Build.0 = Release|Any CPU
		{FEDE0482-BB09-46D5-8A62-D37AB67CFD80}.Release|x86.ActiveCfg = Release|Any CPU
		{FEDE0482-BB09-46D5-8A62-D37AB67CFD80}.Release|x86.Build.0 = Release|Any CPU
		{CE818BE6-E43B-4E1B-8FA3-1291779E4D5B}.Debug|Any CPU.ActiveCfg = Debug|Any CPU
		{CE818BE6-E43B-4E1B-8FA3-1291779E4D5B}.Debug|Any CPU.Build.0 = Debug|Any CPU
		{CE818BE6-E43B-4E1B-8FA3-1291779E4D5B}.Debug|x86.ActiveCfg = Debug|Any CPU
		{CE818BE6-E43B-4E1B-8FA3-1291779E4D5B}.Debug|x86.Build.0 = Debug|Any CPU
		{CE818BE6-E43B-4E1B-8FA3-1291779E4D5B}.Release|Any CPU.ActiveCfg = Release|Any CPU
		{CE818BE6-E43B-4E1B-8FA3-1291779E4D5B}.Release|Any CPU.Build.0 = Release|Any CPU
		{CE818BE6-E43B-4E1B-8FA3-1291779E4D5B}.Release|x86.ActiveCfg = Release|Any CPU
		{CE818BE6-E43B-4E1B-8FA3-1291779E4D5B}.Release|x86.Build.0 = Release|Any CPU
		{7764E661-5C29-4FA6-B253-392022E5B136}.Debug|Any CPU.ActiveCfg = Debug|Any CPU
		{7764E661-5C29-4FA6-B253-392022E5B136}.Debug|Any CPU.Build.0 = Debug|Any CPU
		{7764E661-5C29-4FA6-B253-392022E5B136}.Debug|x86.ActiveCfg = Debug|Any CPU
		{7764E661-5C29-4FA6-B253-392022E5B136}.Debug|x86.Build.0 = Debug|Any CPU
		{7764E661-5C29-4FA6-B253-392022E5B136}.Release|Any CPU.ActiveCfg = Release|Any CPU
		{7764E661-5C29-4FA6-B253-392022E5B136}.Release|Any CPU.Build.0 = Release|Any CPU
		{7764E661-5C29-4FA6-B253-392022E5B136}.Release|x86.ActiveCfg = Release|Any CPU
		{7764E661-5C29-4FA6-B253-392022E5B136}.Release|x86.Build.0 = Release|Any CPU
	EndGlobalSection
	GlobalSection(SolutionProperties) = preSolution
		HideSolutionNode = FALSE
	EndGlobalSection
	GlobalSection(NestedProjects) = preSolution
		{DFAEC9DF-994B-45BF-8242-E63D3481A52E} = {734E0AAC-E1F9-421A-AC04-038873C9C2BB}
		{2E9C877F-4726-404E-96D6-763AF74CC5A7} = {DFAEC9DF-994B-45BF-8242-E63D3481A52E}
		{453DC9FE-05B6-48F0-9761-D0D1EE49F1FB} = {DFAEC9DF-994B-45BF-8242-E63D3481A52E}
		{022531CB-D8AF-498D-A22D-AE9D9B53E157} = {734E0AAC-E1F9-421A-AC04-038873C9C2BB}
		{88B8F7ED-F2AA-4411-B664-37D43FCEA39D} = {022531CB-D8AF-498D-A22D-AE9D9B53E157}
		{0B1386F9-8A9A-4CA8-B7C5-8FEEABD3F5A0} = {022531CB-D8AF-498D-A22D-AE9D9B53E157}
		{FEDE0482-BB09-46D5-8A62-D37AB67CFD80} = {022531CB-D8AF-498D-A22D-AE9D9B53E157}
	EndGlobalSection
	GlobalSection(ExtensibilityGlobals) = postSolution
		SolutionGuid = {8FCB1CA3-2B6C-469F-B569-084FC0B57488}
	EndGlobalSection
EndGlobal
