
Microsoft Visual Studio Solution File, Format Version 12.00
# Visual Studio Version 16
VisualStudioVersion = 16.0.29306.81
MinimumVisualStudioVersion = 10.0.40219.1
Project("{2150E333-8FDC-42A3-9474-1A3956D46DE8}") = "Submodules", "Submodules", "{734E0AAC-E1F9-421A-AC04-038873C9C2BB}"
EndProject
Project("{2150E333-8FDC-42A3-9474-1A3956D46DE8}") = "FarseerPhysics", "FarseerPhysics", "{DFAEC9DF-994B-45BF-8242-E63D3481A52E}"
EndProject
Project("{2150E333-8FDC-42A3-9474-1A3956D46DE8}") = "Guppy", "Guppy", "{022531CB-D8AF-498D-A22D-AE9D9B53E157}"
	ProjectSection(SolutionItems) = preProject
		Submodules\Guppy\README.md = Submodules\Guppy\README.md
	EndProjectSection
EndProject
Project("{9A19103F-16F7-4668-BE54-9A1E7A4F7556}") = "Guppy", "Submodules\Guppy\Guppy\Guppy.csproj", "{88B8F7ED-F2AA-4411-B664-37D43FCEA39D}"
EndProject
Project("{9A19103F-16F7-4668-BE54-9A1E7A4F7556}") = "Guppy.Network", "Submodules\Guppy\Guppy.Network\Guppy.Network.csproj", "{0B1386F9-8A9A-4CA8-B7C5-8FEEABD3F5A0}"
EndProject
Project("{9A19103F-16F7-4668-BE54-9A1E7A4F7556}") = "VoidHuntersRevived.Library", "VoidHuntersRevived.Library\VoidHuntersRevived.Library.csproj", "{CE818BE6-E43B-4E1B-8FA3-1291779E4D5B}"
EndProject
Project("{9A19103F-16F7-4668-BE54-9A1E7A4F7556}") = "VoidHuntersRevived.Client.Library", "VoidHuntersRevived.Client.Library\VoidHuntersRevived.Client.Library.csproj", "{455880B1-F863-446F-B2DB-CDDDADDAA2C5}"
EndProject
Project("{2150E333-8FDC-42A3-9474-1A3956D46DE8}") = "Clients", "Clients", "{93A4A3A1-1B0E-4739-89E1-755F2BDA1A95}"
EndProject
Project("{9A19103F-16F7-4668-BE54-9A1E7A4F7556}") = "VoidHuntersRevived.Client.Core", "VoidHuntersRevived.Client.Core\VoidHuntersRevived.Client.Core.csproj", "{38CA4BFD-2A8F-412D-835F-218F1CFC8616}"
EndProject
Project("{9A19103F-16F7-4668-BE54-9A1E7A4F7556}") = "VoidHuntersRevived.Server", "VoidHuntersRevived.Server\VoidHuntersRevived.Server.csproj", "{FE17A076-F253-4504-BF8A-E6F61FCBBE5C}"
EndProject
Project("{9A19103F-16F7-4668-BE54-9A1E7A4F7556}") = "FarseerPhysics.MonoGame.DebugView", "Submodules\FarseerPhysics\FarseerPhysics.MonoGame.DebugView\FarseerPhysics.MonoGame.DebugView.csproj", "{2B3BA11A-324C-49C8-B5E5-1B7E9C43E9CA}"
EndProject
Project("{9A19103F-16F7-4668-BE54-9A1E7A4F7556}") = "FarseerPhysics.MonoGame", "Submodules\FarseerPhysics\FarseerPhysics.MonoGame\FarseerPhysics.MonoGame.csproj", "{EFA482D2-5848-4F77-B90F-D00B75DE9069}"
EndProject
Project("{FAE04EC0-301F-11D3-BF4B-00C04F79EFBC}") = "VoidHuntersRevived.Client.Windows", "VoidHuntersRevived.Client.Windows\VoidHuntersRevived.Client.Windows.csproj", "{0B809C0C-F76A-4346-BD0B-2DC07124230C}"
EndProject
Project("{2150E333-8FDC-42A3-9474-1A3956D46DE8}") = "Solution Items", "Solution Items", "{AB5292E1-11AA-42F2-BF62-83E71EB43950}"
	ProjectSection(SolutionItems) = preProject
		README.md = README.md
	EndProjectSection
EndProject
Project("{9A19103F-16F7-4668-BE54-9A1E7A4F7556}") = "Guppy.UI", "Submodules\Guppy\Guppy.UI\Guppy.UI.csproj", "{C577D48D-C6C3-4FC8-A526-BCF854A225C4}"
EndProject
Project("{FAE04EC0-301F-11D3-BF4B-00C04F79EFBC}") = "VoidHuntersRevived.Client.Textures", "VoidHuntersRevived.Client.Textures\VoidHuntersRevived.Client.Textures.csproj", "{F820E465-8D51-4F2B-888C-06797C35CDD9}"
EndProject
Global
	GlobalSection(SolutionConfigurationPlatforms) = preSolution
		Debug|Any CPU = Debug|Any CPU
		Debug|x64 = Debug|x64
		Debug|x86 = Debug|x86
		Release|Any CPU = Release|Any CPU
		Release|x64 = Release|x64
		Release|x86 = Release|x86
	EndGlobalSection
	GlobalSection(ProjectConfigurationPlatforms) = postSolution
		{88B8F7ED-F2AA-4411-B664-37D43FCEA39D}.Debug|Any CPU.ActiveCfg = Debug|Any CPU
		{88B8F7ED-F2AA-4411-B664-37D43FCEA39D}.Debug|Any CPU.Build.0 = Debug|Any CPU
		{88B8F7ED-F2AA-4411-B664-37D43FCEA39D}.Debug|x64.ActiveCfg = Debug|Any CPU
		{88B8F7ED-F2AA-4411-B664-37D43FCEA39D}.Debug|x64.Build.0 = Debug|Any CPU
		{88B8F7ED-F2AA-4411-B664-37D43FCEA39D}.Debug|x86.ActiveCfg = Debug|Any CPU
		{88B8F7ED-F2AA-4411-B664-37D43FCEA39D}.Debug|x86.Build.0 = Debug|Any CPU
		{88B8F7ED-F2AA-4411-B664-37D43FCEA39D}.Release|Any CPU.ActiveCfg = Release|Any CPU
		{88B8F7ED-F2AA-4411-B664-37D43FCEA39D}.Release|Any CPU.Build.0 = Release|Any CPU
		{88B8F7ED-F2AA-4411-B664-37D43FCEA39D}.Release|x64.ActiveCfg = Release|Any CPU
		{88B8F7ED-F2AA-4411-B664-37D43FCEA39D}.Release|x64.Build.0 = Release|Any CPU
		{88B8F7ED-F2AA-4411-B664-37D43FCEA39D}.Release|x86.ActiveCfg = Release|Any CPU
		{88B8F7ED-F2AA-4411-B664-37D43FCEA39D}.Release|x86.Build.0 = Release|Any CPU
		{0B1386F9-8A9A-4CA8-B7C5-8FEEABD3F5A0}.Debug|Any CPU.ActiveCfg = Debug|Any CPU
		{0B1386F9-8A9A-4CA8-B7C5-8FEEABD3F5A0}.Debug|Any CPU.Build.0 = Debug|Any CPU
		{0B1386F9-8A9A-4CA8-B7C5-8FEEABD3F5A0}.Debug|x64.ActiveCfg = Debug|Any CPU
		{0B1386F9-8A9A-4CA8-B7C5-8FEEABD3F5A0}.Debug|x64.Build.0 = Debug|Any CPU
		{0B1386F9-8A9A-4CA8-B7C5-8FEEABD3F5A0}.Debug|x86.ActiveCfg = Debug|Any CPU
		{0B1386F9-8A9A-4CA8-B7C5-8FEEABD3F5A0}.Debug|x86.Build.0 = Debug|Any CPU
		{0B1386F9-8A9A-4CA8-B7C5-8FEEABD3F5A0}.Release|Any CPU.ActiveCfg = Release|Any CPU
		{0B1386F9-8A9A-4CA8-B7C5-8FEEABD3F5A0}.Release|Any CPU.Build.0 = Release|Any CPU
		{0B1386F9-8A9A-4CA8-B7C5-8FEEABD3F5A0}.Release|x64.ActiveCfg = Release|Any CPU
		{0B1386F9-8A9A-4CA8-B7C5-8FEEABD3F5A0}.Release|x64.Build.0 = Release|Any CPU
		{0B1386F9-8A9A-4CA8-B7C5-8FEEABD3F5A0}.Release|x86.ActiveCfg = Release|Any CPU
		{0B1386F9-8A9A-4CA8-B7C5-8FEEABD3F5A0}.Release|x86.Build.0 = Release|Any CPU
		{CE818BE6-E43B-4E1B-8FA3-1291779E4D5B}.Debug|Any CPU.ActiveCfg = Debug|Any CPU
		{CE818BE6-E43B-4E1B-8FA3-1291779E4D5B}.Debug|Any CPU.Build.0 = Debug|Any CPU
		{CE818BE6-E43B-4E1B-8FA3-1291779E4D5B}.Debug|x64.ActiveCfg = Debug|Any CPU
		{CE818BE6-E43B-4E1B-8FA3-1291779E4D5B}.Debug|x64.Build.0 = Debug|Any CPU
		{CE818BE6-E43B-4E1B-8FA3-1291779E4D5B}.Debug|x86.ActiveCfg = Debug|Any CPU
		{CE818BE6-E43B-4E1B-8FA3-1291779E4D5B}.Debug|x86.Build.0 = Debug|Any CPU
		{CE818BE6-E43B-4E1B-8FA3-1291779E4D5B}.Release|Any CPU.ActiveCfg = Release|Any CPU
		{CE818BE6-E43B-4E1B-8FA3-1291779E4D5B}.Release|Any CPU.Build.0 = Release|Any CPU
		{CE818BE6-E43B-4E1B-8FA3-1291779E4D5B}.Release|x64.ActiveCfg = Release|Any CPU
		{CE818BE6-E43B-4E1B-8FA3-1291779E4D5B}.Release|x64.Build.0 = Release|Any CPU
		{CE818BE6-E43B-4E1B-8FA3-1291779E4D5B}.Release|x86.ActiveCfg = Release|Any CPU
		{CE818BE6-E43B-4E1B-8FA3-1291779E4D5B}.Release|x86.Build.0 = Release|Any CPU
		{455880B1-F863-446F-B2DB-CDDDADDAA2C5}.Debug|Any CPU.ActiveCfg = Debug|Any CPU
		{455880B1-F863-446F-B2DB-CDDDADDAA2C5}.Debug|Any CPU.Build.0 = Debug|Any CPU
		{455880B1-F863-446F-B2DB-CDDDADDAA2C5}.Debug|x64.ActiveCfg = Debug|Any CPU
		{455880B1-F863-446F-B2DB-CDDDADDAA2C5}.Debug|x64.Build.0 = Debug|Any CPU
		{455880B1-F863-446F-B2DB-CDDDADDAA2C5}.Debug|x86.ActiveCfg = Debug|Any CPU
		{455880B1-F863-446F-B2DB-CDDDADDAA2C5}.Debug|x86.Build.0 = Debug|Any CPU
		{455880B1-F863-446F-B2DB-CDDDADDAA2C5}.Release|Any CPU.ActiveCfg = Release|Any CPU
		{455880B1-F863-446F-B2DB-CDDDADDAA2C5}.Release|Any CPU.Build.0 = Release|Any CPU
		{455880B1-F863-446F-B2DB-CDDDADDAA2C5}.Release|x64.ActiveCfg = Release|Any CPU
		{455880B1-F863-446F-B2DB-CDDDADDAA2C5}.Release|x64.Build.0 = Release|Any CPU
		{455880B1-F863-446F-B2DB-CDDDADDAA2C5}.Release|x86.ActiveCfg = Release|Any CPU
		{455880B1-F863-446F-B2DB-CDDDADDAA2C5}.Release|x86.Build.0 = Release|Any CPU
		{38CA4BFD-2A8F-412D-835F-218F1CFC8616}.Debug|Any CPU.ActiveCfg = Debug|Any CPU
		{38CA4BFD-2A8F-412D-835F-218F1CFC8616}.Debug|Any CPU.Build.0 = Debug|Any CPU
		{38CA4BFD-2A8F-412D-835F-218F1CFC8616}.Debug|x64.ActiveCfg = Debug|Any CPU
		{38CA4BFD-2A8F-412D-835F-218F1CFC8616}.Debug|x64.Build.0 = Debug|Any CPU
		{38CA4BFD-2A8F-412D-835F-218F1CFC8616}.Debug|x86.ActiveCfg = Debug|Any CPU
		{38CA4BFD-2A8F-412D-835F-218F1CFC8616}.Debug|x86.Build.0 = Debug|Any CPU
		{38CA4BFD-2A8F-412D-835F-218F1CFC8616}.Release|Any CPU.ActiveCfg = Release|Any CPU
		{38CA4BFD-2A8F-412D-835F-218F1CFC8616}.Release|Any CPU.Build.0 = Release|Any CPU
		{38CA4BFD-2A8F-412D-835F-218F1CFC8616}.Release|x64.ActiveCfg = Release|Any CPU
		{38CA4BFD-2A8F-412D-835F-218F1CFC8616}.Release|x64.Build.0 = Release|Any CPU
		{38CA4BFD-2A8F-412D-835F-218F1CFC8616}.Release|x86.ActiveCfg = Release|Any CPU
		{38CA4BFD-2A8F-412D-835F-218F1CFC8616}.Release|x86.Build.0 = Release|Any CPU
		{FE17A076-F253-4504-BF8A-E6F61FCBBE5C}.Debug|Any CPU.ActiveCfg = Debug|Any CPU
		{FE17A076-F253-4504-BF8A-E6F61FCBBE5C}.Debug|Any CPU.Build.0 = Debug|Any CPU
		{FE17A076-F253-4504-BF8A-E6F61FCBBE5C}.Debug|x64.ActiveCfg = Debug|Any CPU
		{FE17A076-F253-4504-BF8A-E6F61FCBBE5C}.Debug|x64.Build.0 = Debug|Any CPU
		{FE17A076-F253-4504-BF8A-E6F61FCBBE5C}.Debug|x86.ActiveCfg = Debug|Any CPU
		{FE17A076-F253-4504-BF8A-E6F61FCBBE5C}.Debug|x86.Build.0 = Debug|Any CPU
		{FE17A076-F253-4504-BF8A-E6F61FCBBE5C}.Release|Any CPU.ActiveCfg = Release|Any CPU
		{FE17A076-F253-4504-BF8A-E6F61FCBBE5C}.Release|Any CPU.Build.0 = Release|Any CPU
		{FE17A076-F253-4504-BF8A-E6F61FCBBE5C}.Release|x64.ActiveCfg = Release|Any CPU
		{FE17A076-F253-4504-BF8A-E6F61FCBBE5C}.Release|x64.Build.0 = Release|Any CPU
		{FE17A076-F253-4504-BF8A-E6F61FCBBE5C}.Release|x86.ActiveCfg = Release|Any CPU
		{FE17A076-F253-4504-BF8A-E6F61FCBBE5C}.Release|x86.Build.0 = Release|Any CPU
		{2B3BA11A-324C-49C8-B5E5-1B7E9C43E9CA}.Debug|Any CPU.ActiveCfg = Debug|Any CPU
		{2B3BA11A-324C-49C8-B5E5-1B7E9C43E9CA}.Debug|Any CPU.Build.0 = Debug|Any CPU
		{2B3BA11A-324C-49C8-B5E5-1B7E9C43E9CA}.Debug|x64.ActiveCfg = Debug|Any CPU
		{2B3BA11A-324C-49C8-B5E5-1B7E9C43E9CA}.Debug|x64.Build.0 = Debug|Any CPU
		{2B3BA11A-324C-49C8-B5E5-1B7E9C43E9CA}.Debug|x86.ActiveCfg = Debug|Any CPU
		{2B3BA11A-324C-49C8-B5E5-1B7E9C43E9CA}.Debug|x86.Build.0 = Debug|Any CPU
		{2B3BA11A-324C-49C8-B5E5-1B7E9C43E9CA}.Release|Any CPU.ActiveCfg = Release|Any CPU
		{2B3BA11A-324C-49C8-B5E5-1B7E9C43E9CA}.Release|Any CPU.Build.0 = Release|Any CPU
		{2B3BA11A-324C-49C8-B5E5-1B7E9C43E9CA}.Release|x64.ActiveCfg = Release|Any CPU
		{2B3BA11A-324C-49C8-B5E5-1B7E9C43E9CA}.Release|x64.Build.0 = Release|Any CPU
		{2B3BA11A-324C-49C8-B5E5-1B7E9C43E9CA}.Release|x86.ActiveCfg = Release|Any CPU
		{2B3BA11A-324C-49C8-B5E5-1B7E9C43E9CA}.Release|x86.Build.0 = Release|Any CPU
		{EFA482D2-5848-4F77-B90F-D00B75DE9069}.Debug|Any CPU.ActiveCfg = Debug|Any CPU
		{EFA482D2-5848-4F77-B90F-D00B75DE9069}.Debug|Any CPU.Build.0 = Debug|Any CPU
		{EFA482D2-5848-4F77-B90F-D00B75DE9069}.Debug|x64.ActiveCfg = Debug|Any CPU
		{EFA482D2-5848-4F77-B90F-D00B75DE9069}.Debug|x64.Build.0 = Debug|Any CPU
		{EFA482D2-5848-4F77-B90F-D00B75DE9069}.Debug|x86.ActiveCfg = Debug|Any CPU
		{EFA482D2-5848-4F77-B90F-D00B75DE9069}.Debug|x86.Build.0 = Debug|Any CPU
		{EFA482D2-5848-4F77-B90F-D00B75DE9069}.Release|Any CPU.ActiveCfg = Release|Any CPU
		{EFA482D2-5848-4F77-B90F-D00B75DE9069}.Release|Any CPU.Build.0 = Release|Any CPU
		{EFA482D2-5848-4F77-B90F-D00B75DE9069}.Release|x64.ActiveCfg = Release|Any CPU
		{EFA482D2-5848-4F77-B90F-D00B75DE9069}.Release|x64.Build.0 = Release|Any CPU
		{EFA482D2-5848-4F77-B90F-D00B75DE9069}.Release|x86.ActiveCfg = Release|Any CPU
		{EFA482D2-5848-4F77-B90F-D00B75DE9069}.Release|x86.Build.0 = Release|Any CPU
		{0B809C0C-F76A-4346-BD0B-2DC07124230C}.Debug|Any CPU.ActiveCfg = Debug|Any CPU
		{0B809C0C-F76A-4346-BD0B-2DC07124230C}.Debug|Any CPU.Build.0 = Debug|Any CPU
		{0B809C0C-F76A-4346-BD0B-2DC07124230C}.Debug|x64.ActiveCfg = Debug|Any CPU
		{0B809C0C-F76A-4346-BD0B-2DC07124230C}.Debug|x64.Build.0 = Debug|Any CPU
		{0B809C0C-F76A-4346-BD0B-2DC07124230C}.Debug|x86.ActiveCfg = Debug|Any CPU
		{0B809C0C-F76A-4346-BD0B-2DC07124230C}.Debug|x86.Build.0 = Debug|Any CPU
		{0B809C0C-F76A-4346-BD0B-2DC07124230C}.Release|Any CPU.ActiveCfg = Release|Any CPU
		{0B809C0C-F76A-4346-BD0B-2DC07124230C}.Release|Any CPU.Build.0 = Release|Any CPU
		{0B809C0C-F76A-4346-BD0B-2DC07124230C}.Release|x64.ActiveCfg = Release|Any CPU
		{0B809C0C-F76A-4346-BD0B-2DC07124230C}.Release|x64.Build.0 = Release|Any CPU
		{0B809C0C-F76A-4346-BD0B-2DC07124230C}.Release|x86.ActiveCfg = Release|Any CPU
		{0B809C0C-F76A-4346-BD0B-2DC07124230C}.Release|x86.Build.0 = Release|Any CPU
		{C577D48D-C6C3-4FC8-A526-BCF854A225C4}.Debug|Any CPU.ActiveCfg = Debug|Any CPU
		{C577D48D-C6C3-4FC8-A526-BCF854A225C4}.Debug|Any CPU.Build.0 = Debug|Any CPU
		{C577D48D-C6C3-4FC8-A526-BCF854A225C4}.Debug|x64.ActiveCfg = Debug|Any CPU
		{C577D48D-C6C3-4FC8-A526-BCF854A225C4}.Debug|x64.Build.0 = Debug|Any CPU
		{C577D48D-C6C3-4FC8-A526-BCF854A225C4}.Debug|x86.ActiveCfg = Debug|Any CPU
		{C577D48D-C6C3-4FC8-A526-BCF854A225C4}.Debug|x86.Build.0 = Debug|Any CPU
		{C577D48D-C6C3-4FC8-A526-BCF854A225C4}.Release|Any CPU.ActiveCfg = Release|Any CPU
		{C577D48D-C6C3-4FC8-A526-BCF854A225C4}.Release|Any CPU.Build.0 = Release|Any CPU
		{C577D48D-C6C3-4FC8-A526-BCF854A225C4}.Release|x64.ActiveCfg = Release|Any CPU
		{C577D48D-C6C3-4FC8-A526-BCF854A225C4}.Release|x64.Build.0 = Release|Any CPU
		{C577D48D-C6C3-4FC8-A526-BCF854A225C4}.Release|x86.ActiveCfg = Release|Any CPU
		{C577D48D-C6C3-4FC8-A526-BCF854A225C4}.Release|x86.Build.0 = Release|Any CPU
		{F820E465-8D51-4F2B-888C-06797C35CDD9}.Debug|Any CPU.ActiveCfg = Debug|Any CPU
		{F820E465-8D51-4F2B-888C-06797C35CDD9}.Debug|Any CPU.Build.0 = Debug|Any CPU
		{F820E465-8D51-4F2B-888C-06797C35CDD9}.Debug|x64.ActiveCfg = Debug|Any CPU
		{F820E465-8D51-4F2B-888C-06797C35CDD9}.Debug|x64.Build.0 = Debug|Any CPU
		{F820E465-8D51-4F2B-888C-06797C35CDD9}.Debug|x86.ActiveCfg = Debug|Any CPU
		{F820E465-8D51-4F2B-888C-06797C35CDD9}.Debug|x86.Build.0 = Debug|Any CPU
		{F820E465-8D51-4F2B-888C-06797C35CDD9}.Release|Any CPU.ActiveCfg = Release|Any CPU
		{F820E465-8D51-4F2B-888C-06797C35CDD9}.Release|Any CPU.Build.0 = Release|Any CPU
		{F820E465-8D51-4F2B-888C-06797C35CDD9}.Release|x64.ActiveCfg = Release|Any CPU
		{F820E465-8D51-4F2B-888C-06797C35CDD9}.Release|x64.Build.0 = Release|Any CPU
		{F820E465-8D51-4F2B-888C-06797C35CDD9}.Release|x86.ActiveCfg = Release|Any CPU
		{F820E465-8D51-4F2B-888C-06797C35CDD9}.Release|x86.Build.0 = Release|Any CPU
	EndGlobalSection
	GlobalSection(SolutionProperties) = preSolution
		HideSolutionNode = FALSE
	EndGlobalSection
	GlobalSection(NestedProjects) = preSolution
		{DFAEC9DF-994B-45BF-8242-E63D3481A52E} = {734E0AAC-E1F9-421A-AC04-038873C9C2BB}
		{022531CB-D8AF-498D-A22D-AE9D9B53E157} = {734E0AAC-E1F9-421A-AC04-038873C9C2BB}
		{88B8F7ED-F2AA-4411-B664-37D43FCEA39D} = {022531CB-D8AF-498D-A22D-AE9D9B53E157}
		{0B1386F9-8A9A-4CA8-B7C5-8FEEABD3F5A0} = {022531CB-D8AF-498D-A22D-AE9D9B53E157}
		{38CA4BFD-2A8F-412D-835F-218F1CFC8616} = {93A4A3A1-1B0E-4739-89E1-755F2BDA1A95}
		{2B3BA11A-324C-49C8-B5E5-1B7E9C43E9CA} = {DFAEC9DF-994B-45BF-8242-E63D3481A52E}
		{EFA482D2-5848-4F77-B90F-D00B75DE9069} = {DFAEC9DF-994B-45BF-8242-E63D3481A52E}
		{0B809C0C-F76A-4346-BD0B-2DC07124230C} = {93A4A3A1-1B0E-4739-89E1-755F2BDA1A95}
		{C577D48D-C6C3-4FC8-A526-BCF854A225C4} = {022531CB-D8AF-498D-A22D-AE9D9B53E157}
	EndGlobalSection
	GlobalSection(ExtensibilityGlobals) = postSolution
		SolutionGuid = {8FCB1CA3-2B6C-469F-B569-084FC0B57488}
	EndGlobalSection
	GlobalSection(Performance) = preSolution
		HasPerformanceSessions = true
	EndGlobalSection
EndGlobal
